// !$*UTF8*$!
{
	archiveVersion = 1;
	classes = {
	};
	objectVersion = 52;
	objects = {

/* Begin PBXBuildFile section */
		A67B5A7B26FC068200CC5D18 /* YellowInvoice.swift in Sources */ = {isa = PBXBuildFile; fileRef = A67B5A7A26FC068200CC5D18 /* YellowInvoice.swift */; };
		A67B5A7E26FD73CB00CC5D18 /* InvoiceDataEntry.swift in Sources */ = {isa = PBXBuildFile; fileRef = A67B5A7D26FD73CB00CC5D18 /* InvoiceDataEntry.swift */; };
		A67B5A8126FEBBC500CC5D18 /* Currency in Frameworks */ = {isa = PBXBuildFile; productRef = A67B5A8026FEBBC500CC5D18 /* Currency */; };
		A6A140BA297623A100171C7C /* InvoiceData.swift in Sources */ = {isa = PBXBuildFile; fileRef = A6A140B9297623A100171C7C /* InvoiceData.swift */; };
		A6A140BC29762C7000171C7C /* Category.swift in Sources */ = {isa = PBXBuildFile; fileRef = A6A140BB29762C7000171C7C /* Category.swift */; };
		A6A4818B297660A800A0F654 /* Roundedbutton.swift in Sources */ = {isa = PBXBuildFile; fileRef = A6A4818A297660A800A0F654 /* Roundedbutton.swift */; };
		A6A4818D29767B0000A0F654 /* MailView.swift in Sources */ = {isa = PBXBuildFile; fileRef = A6A4818C29767B0000A0F654 /* MailView.swift */; };
		A6B3C77826FFB2E200A259A3 /* States.swift in Sources */ = {isa = PBXBuildFile; fileRef = A6B3C77726FFB2E200A259A3 /* States.swift */; };
		A6B4CA3726FADCBB00077A18 /* InvoiceItemView.swift in Sources */ = {isa = PBXBuildFile; fileRef = A6B4CA3626FADCBB00077A18 /* InvoiceItemView.swift */; };
		A6B4CA3926FADD4300077A18 /* InvoiceView.swift in Sources */ = {isa = PBXBuildFile; fileRef = A6B4CA3826FADD4300077A18 /* InvoiceView.swift */; };
		A6E9B96426FA1CDF0098A629 /* PDFMakerApp.swift in Sources */ = {isa = PBXBuildFile; fileRef = A6E9B96326FA1CDF0098A629 /* PDFMakerApp.swift */; };
		A6E9B96626FA1CDF0098A629 /* ContentView.swift in Sources */ = {isa = PBXBuildFile; fileRef = A6E9B96526FA1CDF0098A629 /* ContentView.swift */; };
		A6E9B96B26FA1CE00098A629 /* Preview Assets.xcassets in Resources */ = {isa = PBXBuildFile; fileRef = A6E9B96A26FA1CE00098A629 /* Preview Assets.xcassets */; };
		A6E9B97626FA1CE00098A629 /* PDFMakerTests.swift in Sources */ = {isa = PBXBuildFile; fileRef = A6E9B97526FA1CE00098A629 /* PDFMakerTests.swift */; };
		A6E9B98126FA1CE00098A629 /* PDFMakerUITests.swift in Sources */ = {isa = PBXBuildFile; fileRef = A6E9B98026FA1CE00098A629 /* PDFMakerUITests.swift */; };
		A6E9B9C126FA1F140098A629 /* ImageTileView.swift in Sources */ = {isa = PBXBuildFile; fileRef = A6E9B9C026FA1F140098A629 /* ImageTileView.swift */; };
		A6E9B9C326FA20870098A629 /* Assets.xcassets in Resources */ = {isa = PBXBuildFile; fileRef = A6E9B9C226FA20870098A629 /* Assets.xcassets */; };
		A6E9B9C526FA20E30098A629 /* ColorManager.swift in Sources */ = {isa = PBXBuildFile; fileRef = A6E9B9C426FA20E30098A629 /* ColorManager.swift */; };
		A6E9B9DA26FA31370098A629 /* overpass-extralight.otf in Resources */ = {isa = PBXBuildFile; fileRef = A6E9B9C626FA31360098A629 /* overpass-extralight.otf */; };
		A6E9B9DB26FA31370098A629 /* overpass-regular.otf in Resources */ = {isa = PBXBuildFile; fileRef = A6E9B9C726FA31360098A629 /* overpass-regular.otf */; };
		A6E9B9DC26FA31370098A629 /* overpass-mono-bold.otf in Resources */ = {isa = PBXBuildFile; fileRef = A6E9B9C826FA31360098A629 /* overpass-mono-bold.otf */; };
		A6E9B9DD26FA31370098A629 /* overpass-bold-italic.otf in Resources */ = {isa = PBXBuildFile; fileRef = A6E9B9C926FA31360098A629 /* overpass-bold-italic.otf */; };
		A6E9B9DE26FA31370098A629 /* overpass-mono-light.otf in Resources */ = {isa = PBXBuildFile; fileRef = A6E9B9CA26FA31360098A629 /* overpass-mono-light.otf */; };
		A6E9B9DF26FA31370098A629 /* overpass-extrabold-italic.otf in Resources */ = {isa = PBXBuildFile; fileRef = A6E9B9CB26FA31360098A629 /* overpass-extrabold-italic.otf */; };
		A6E9B9E026FA31370098A629 /* overpass-light-italic.otf in Resources */ = {isa = PBXBuildFile; fileRef = A6E9B9CC26FA31360098A629 /* overpass-light-italic.otf */; };
		A6E9B9E126FA31370098A629 /* overpass-extralight-italic.otf in Resources */ = {isa = PBXBuildFile; fileRef = A6E9B9CD26FA31360098A629 /* overpass-extralight-italic.otf */; };
		A6E9B9E226FA31370098A629 /* overpass-mono-semibold.otf in Resources */ = {isa = PBXBuildFile; fileRef = A6E9B9CE26FA31360098A629 /* overpass-mono-semibold.otf */; };
		A6E9B9E326FA31370098A629 /* overpass-semibold-italic.otf in Resources */ = {isa = PBXBuildFile; fileRef = A6E9B9CF26FA31370098A629 /* overpass-semibold-italic.otf */; };
		A6E9B9E426FA31370098A629 /* overpass-thin-italic.otf in Resources */ = {isa = PBXBuildFile; fileRef = A6E9B9D026FA31370098A629 /* overpass-thin-italic.otf */; };
		A6E9B9E526FA31370098A629 /* overpass-thin.otf in Resources */ = {isa = PBXBuildFile; fileRef = A6E9B9D126FA31370098A629 /* overpass-thin.otf */; };
		A6E9B9E626FA31370098A629 /* overpass-light.otf in Resources */ = {isa = PBXBuildFile; fileRef = A6E9B9D226FA31370098A629 /* overpass-light.otf */; };
		A6E9B9E726FA31370098A629 /* overpass-heavy.otf in Resources */ = {isa = PBXBuildFile; fileRef = A6E9B9D326FA31370098A629 /* overpass-heavy.otf */; };
		A6E9B9E826FA31370098A629 /* overpass-heavy-italic.otf in Resources */ = {isa = PBXBuildFile; fileRef = A6E9B9D426FA31370098A629 /* overpass-heavy-italic.otf */; };
		A6E9B9E926FA31370098A629 /* overpass-italic.otf in Resources */ = {isa = PBXBuildFile; fileRef = A6E9B9D526FA31370098A629 /* overpass-italic.otf */; };
		A6E9B9EA26FA31370098A629 /* overpass-mono-regular.otf in Resources */ = {isa = PBXBuildFile; fileRef = A6E9B9D626FA31370098A629 /* overpass-mono-regular.otf */; };
		A6E9B9EB26FA31370098A629 /* overpass-bold.otf in Resources */ = {isa = PBXBuildFile; fileRef = A6E9B9D726FA31370098A629 /* overpass-bold.otf */; };
		A6E9B9EC26FA31370098A629 /* overpass-semibold.otf in Resources */ = {isa = PBXBuildFile; fileRef = A6E9B9D826FA31370098A629 /* overpass-semibold.otf */; };
		A6E9B9ED26FA31370098A629 /* overpass-extrabold.otf in Resources */ = {isa = PBXBuildFile; fileRef = A6E9B9D926FA31370098A629 /* overpass-extrabold.otf */; };
/* End PBXBuildFile section */

/* Begin PBXContainerItemProxy section */
		A6E9B97226FA1CE00098A629 /* PBXContainerItemProxy */ = {
			isa = PBXContainerItemProxy;
			containerPortal = A6E9B95826FA1CDF0098A629 /* Project object */;
			proxyType = 1;
			remoteGlobalIDString = A6E9B95F26FA1CDF0098A629;
			remoteInfo = PDFMaker;
		};
		A6E9B97D26FA1CE00098A629 /* PBXContainerItemProxy */ = {
			isa = PBXContainerItemProxy;
			containerPortal = A6E9B95826FA1CDF0098A629 /* Project object */;
			proxyType = 1;
			remoteGlobalIDString = A6E9B95F26FA1CDF0098A629;
			remoteInfo = PDFMaker;
		};
/* End PBXContainerItemProxy section */

/* Begin PBXFileReference section */
		A67B5A7A26FC068200CC5D18 /* YellowInvoice.swift */ = {isa = PBXFileReference; lastKnownFileType = sourcecode.swift; path = YellowInvoice.swift; sourceTree = "<group>"; };
		A67B5A7D26FD73CB00CC5D18 /* InvoiceDataEntry.swift */ = {isa = PBXFileReference; lastKnownFileType = sourcecode.swift; path = InvoiceDataEntry.swift; sourceTree = "<group>"; };
		A6A140B9297623A100171C7C /* InvoiceData.swift */ = {isa = PBXFileReference; lastKnownFileType = sourcecode.swift; path = InvoiceData.swift; sourceTree = "<group>"; };
		A6A140BB29762C7000171C7C /* Category.swift */ = {isa = PBXFileReference; lastKnownFileType = sourcecode.swift; path = Category.swift; sourceTree = "<group>"; };
		A6A4818A297660A800A0F654 /* Roundedbutton.swift */ = {isa = PBXFileReference; fileEncoding = 4; lastKnownFileType = sourcecode.swift; path = Roundedbutton.swift; sourceTree = "<group>"; };
		A6A4818C29767B0000A0F654 /* MailView.swift */ = {isa = PBXFileReference; lastKnownFileType = sourcecode.swift; path = MailView.swift; sourceTree = "<group>"; };
		A6B3C77726FFB2E200A259A3 /* States.swift */ = {isa = PBXFileReference; lastKnownFileType = sourcecode.swift; path = States.swift; sourceTree = "<group>"; };
		A6B4CA3626FADCBB00077A18 /* InvoiceItemView.swift */ = {isa = PBXFileReference; lastKnownFileType = sourcecode.swift; path = InvoiceItemView.swift; sourceTree = "<group>"; };
		A6B4CA3826FADD4300077A18 /* InvoiceView.swift */ = {isa = PBXFileReference; lastKnownFileType = sourcecode.swift; path = InvoiceView.swift; sourceTree = "<group>"; };
		A6E9B96026FA1CDF0098A629 /* PDFMaker.app */ = {isa = PBXFileReference; explicitFileType = wrapper.application; includeInIndex = 0; path = PDFMaker.app; sourceTree = BUILT_PRODUCTS_DIR; };
		A6E9B96326FA1CDF0098A629 /* PDFMakerApp.swift */ = {isa = PBXFileReference; lastKnownFileType = sourcecode.swift; path = PDFMakerApp.swift; sourceTree = "<group>"; };
		A6E9B96526FA1CDF0098A629 /* ContentView.swift */ = {isa = PBXFileReference; lastKnownFileType = sourcecode.swift; path = ContentView.swift; sourceTree = "<group>"; };
		A6E9B96A26FA1CE00098A629 /* Preview Assets.xcassets */ = {isa = PBXFileReference; lastKnownFileType = folder.assetcatalog; path = "Preview Assets.xcassets"; sourceTree = "<group>"; };
		A6E9B96C26FA1CE00098A629 /* Info.plist */ = {isa = PBXFileReference; lastKnownFileType = text.plist.xml; path = Info.plist; sourceTree = "<group>"; };
		A6E9B97126FA1CE00098A629 /* PDFMakerTests.xctest */ = {isa = PBXFileReference; explicitFileType = wrapper.cfbundle; includeInIndex = 0; path = PDFMakerTests.xctest; sourceTree = BUILT_PRODUCTS_DIR; };
		A6E9B97526FA1CE00098A629 /* PDFMakerTests.swift */ = {isa = PBXFileReference; lastKnownFileType = sourcecode.swift; path = PDFMakerTests.swift; sourceTree = "<group>"; };
		A6E9B97726FA1CE00098A629 /* Info.plist */ = {isa = PBXFileReference; lastKnownFileType = text.plist.xml; path = Info.plist; sourceTree = "<group>"; };
		A6E9B97C26FA1CE00098A629 /* PDFMakerUITests.xctest */ = {isa = PBXFileReference; explicitFileType = wrapper.cfbundle; includeInIndex = 0; path = PDFMakerUITests.xctest; sourceTree = BUILT_PRODUCTS_DIR; };
		A6E9B98026FA1CE00098A629 /* PDFMakerUITests.swift */ = {isa = PBXFileReference; lastKnownFileType = sourcecode.swift; path = PDFMakerUITests.swift; sourceTree = "<group>"; };
		A6E9B98226FA1CE00098A629 /* Info.plist */ = {isa = PBXFileReference; lastKnownFileType = text.plist.xml; path = Info.plist; sourceTree = "<group>"; };
		A6E9B9C026FA1F140098A629 /* ImageTileView.swift */ = {isa = PBXFileReference; lastKnownFileType = sourcecode.swift; path = ImageTileView.swift; sourceTree = "<group>"; };
		A6E9B9C226FA20870098A629 /* Assets.xcassets */ = {isa = PBXFileReference; lastKnownFileType = folder.assetcatalog; name = Assets.xcassets; path = "../../NetEstate-ios/Net Estate/Net Estate/Assets.xcassets"; sourceTree = "<group>"; };
		A6E9B9C426FA20E30098A629 /* ColorManager.swift */ = {isa = PBXFileReference; fileEncoding = 4; lastKnownFileType = sourcecode.swift; path = ColorManager.swift; sourceTree = "<group>"; };
		A6E9B9C626FA31360098A629 /* overpass-extralight.otf */ = {isa = PBXFileReference; lastKnownFileType = file; path = "overpass-extralight.otf"; sourceTree = "<group>"; };
		A6E9B9C726FA31360098A629 /* overpass-regular.otf */ = {isa = PBXFileReference; lastKnownFileType = file; path = "overpass-regular.otf"; sourceTree = "<group>"; };
		A6E9B9C826FA31360098A629 /* overpass-mono-bold.otf */ = {isa = PBXFileReference; lastKnownFileType = file; path = "overpass-mono-bold.otf"; sourceTree = "<group>"; };
		A6E9B9C926FA31360098A629 /* overpass-bold-italic.otf */ = {isa = PBXFileReference; lastKnownFileType = file; path = "overpass-bold-italic.otf"; sourceTree = "<group>"; };
		A6E9B9CA26FA31360098A629 /* overpass-mono-light.otf */ = {isa = PBXFileReference; lastKnownFileType = file; path = "overpass-mono-light.otf"; sourceTree = "<group>"; };
		A6E9B9CB26FA31360098A629 /* overpass-extrabold-italic.otf */ = {isa = PBXFileReference; lastKnownFileType = file; path = "overpass-extrabold-italic.otf"; sourceTree = "<group>"; };
		A6E9B9CC26FA31360098A629 /* overpass-light-italic.otf */ = {isa = PBXFileReference; lastKnownFileType = file; path = "overpass-light-italic.otf"; sourceTree = "<group>"; };
		A6E9B9CD26FA31360098A629 /* overpass-extralight-italic.otf */ = {isa = PBXFileReference; lastKnownFileType = file; path = "overpass-extralight-italic.otf"; sourceTree = "<group>"; };
		A6E9B9CE26FA31360098A629 /* overpass-mono-semibold.otf */ = {isa = PBXFileReference; lastKnownFileType = file; path = "overpass-mono-semibold.otf"; sourceTree = "<group>"; };
		A6E9B9CF26FA31370098A629 /* overpass-semibold-italic.otf */ = {isa = PBXFileReference; lastKnownFileType = file; path = "overpass-semibold-italic.otf"; sourceTree = "<group>"; };
		A6E9B9D026FA31370098A629 /* overpass-thin-italic.otf */ = {isa = PBXFileReference; lastKnownFileType = file; path = "overpass-thin-italic.otf"; sourceTree = "<group>"; };
		A6E9B9D126FA31370098A629 /* overpass-thin.otf */ = {isa = PBXFileReference; lastKnownFileType = file; path = "overpass-thin.otf"; sourceTree = "<group>"; };
		A6E9B9D226FA31370098A629 /* overpass-light.otf */ = {isa = PBXFileReference; lastKnownFileType = file; path = "overpass-light.otf"; sourceTree = "<group>"; };
		A6E9B9D326FA31370098A629 /* overpass-heavy.otf */ = {isa = PBXFileReference; lastKnownFileType = file; path = "overpass-heavy.otf"; sourceTree = "<group>"; };
		A6E9B9D426FA31370098A629 /* overpass-heavy-italic.otf */ = {isa = PBXFileReference; lastKnownFileType = file; path = "overpass-heavy-italic.otf"; sourceTree = "<group>"; };
		A6E9B9D526FA31370098A629 /* overpass-italic.otf */ = {isa = PBXFileReference; lastKnownFileType = file; path = "overpass-italic.otf"; sourceTree = "<group>"; };
		A6E9B9D626FA31370098A629 /* overpass-mono-regular.otf */ = {isa = PBXFileReference; lastKnownFileType = file; path = "overpass-mono-regular.otf"; sourceTree = "<group>"; };
		A6E9B9D726FA31370098A629 /* overpass-bold.otf */ = {isa = PBXFileReference; lastKnownFileType = file; path = "overpass-bold.otf"; sourceTree = "<group>"; };
		A6E9B9D826FA31370098A629 /* overpass-semibold.otf */ = {isa = PBXFileReference; lastKnownFileType = file; path = "overpass-semibold.otf"; sourceTree = "<group>"; };
		A6E9B9D926FA31370098A629 /* overpass-extrabold.otf */ = {isa = PBXFileReference; lastKnownFileType = file; path = "overpass-extrabold.otf"; sourceTree = "<group>"; };
/* End PBXFileReference section */

/* Begin PBXFrameworksBuildPhase section */
		A6E9B95D26FA1CDF0098A629 /* Frameworks */ = {
			isa = PBXFrameworksBuildPhase;
			buildActionMask = 2147483647;
			files = (
				A67B5A8126FEBBC500CC5D18 /* Currency in Frameworks */,
			);
			runOnlyForDeploymentPostprocessing = 0;
		};
		A6E9B96E26FA1CE00098A629 /* Frameworks */ = {
			isa = PBXFrameworksBuildPhase;
			buildActionMask = 2147483647;
			files = (
			);
			runOnlyForDeploymentPostprocessing = 0;
		};
		A6E9B97926FA1CE00098A629 /* Frameworks */ = {
			isa = PBXFrameworksBuildPhase;
			buildActionMask = 2147483647;
			files = (
			);
			runOnlyForDeploymentPostprocessing = 0;
		};
/* End PBXFrameworksBuildPhase section */

/* Begin PBXGroup section */
		A67B5A7C26FD6CB100CC5D18 /* YellowInvoice */ = {
			isa = PBXGroup;
			children = (
				A67B5A7A26FC068200CC5D18 /* YellowInvoice.swift */,
				A67B5A7D26FD73CB00CC5D18 /* InvoiceDataEntry.swift */,
			);
			path = YellowInvoice;
			sourceTree = "<group>";
		};
		A6A140B82976238E00171C7C /* Models */ = {
			isa = PBXGroup;
			children = (
				A6A140B9297623A100171C7C /* InvoiceData.swift */,
				A6A140BB29762C7000171C7C /* Category.swift */,
			);
			path = Models;
			sourceTree = "<group>";
		};
		A6E9B95726FA1CDF0098A629 = {
			isa = PBXGroup;
			children = (
				A6E9B96226FA1CDF0098A629 /* PDFMaker */,
				A6E9B97426FA1CE00098A629 /* PDFMakerTests */,
				A6E9B97F26FA1CE00098A629 /* PDFMakerUITests */,
				A6E9B96126FA1CDF0098A629 /* Products */,
			);
			sourceTree = "<group>";
		};
		A6E9B96126FA1CDF0098A629 /* Products */ = {
			isa = PBXGroup;
			children = (
				A6E9B96026FA1CDF0098A629 /* PDFMaker.app */,
				A6E9B97126FA1CE00098A629 /* PDFMakerTests.xctest */,
				A6E9B97C26FA1CE00098A629 /* PDFMakerUITests.xctest */,
			);
			name = Products;
			sourceTree = "<group>";
		};
		A6E9B96226FA1CDF0098A629 /* PDFMaker */ = {
			isa = PBXGroup;
			children = (
				A6E9B9EE26FA31450098A629 /* Fonts */,
				A6E9B9BF26FA1F000098A629 /* Views */,
				A6A140B82976238E00171C7C /* Models */,
				A6E9B9C426FA20E30098A629 /* ColorManager.swift */,
				A6B3C77726FFB2E200A259A3 /* States.swift */,
				A6E9B96326FA1CDF0098A629 /* PDFMakerApp.swift */,
				A6E9B9C226FA20870098A629 /* Assets.xcassets */,
				A6E9B96C26FA1CE00098A629 /* Info.plist */,
				A6E9B96926FA1CE00098A629 /* Preview Content */,
			);
			path = PDFMaker;
			sourceTree = "<group>";
		};
		A6E9B96926FA1CE00098A629 /* Preview Content */ = {
			isa = PBXGroup;
			children = (
				A6E9B96A26FA1CE00098A629 /* Preview Assets.xcassets */,
			);
			path = "Preview Content";
			sourceTree = "<group>";
		};
		A6E9B97426FA1CE00098A629 /* PDFMakerTests */ = {
			isa = PBXGroup;
			children = (
				A6E9B97526FA1CE00098A629 /* PDFMakerTests.swift */,
				A6E9B97726FA1CE00098A629 /* Info.plist */,
			);
			path = PDFMakerTests;
			sourceTree = "<group>";
		};
		A6E9B97F26FA1CE00098A629 /* PDFMakerUITests */ = {
			isa = PBXGroup;
			children = (
				A6E9B98026FA1CE00098A629 /* PDFMakerUITests.swift */,
				A6E9B98226FA1CE00098A629 /* Info.plist */,
			);
			path = PDFMakerUITests;
			sourceTree = "<group>";
		};
		A6E9B9BF26FA1F000098A629 /* Views */ = {
			isa = PBXGroup;
			children = (
				A6A4818A297660A800A0F654 /* Roundedbutton.swift */,
				A6B4CA3626FADCBB00077A18 /* InvoiceItemView.swift */,
				A6E9B9C026FA1F140098A629 /* ImageTileView.swift */,
				A6E9B96526FA1CDF0098A629 /* ContentView.swift */,
				A6B4CA3826FADD4300077A18 /* InvoiceView.swift */,
				A67B5A7C26FD6CB100CC5D18 /* YellowInvoice */,
				A6A4818C29767B0000A0F654 /* MailView.swift */,
			);
			path = Views;
			sourceTree = "<group>";
		};
		A6E9B9EE26FA31450098A629 /* Fonts */ = {
			isa = PBXGroup;
			children = (
				A6E9B9C926FA31360098A629 /* overpass-bold-italic.otf */,
				A6E9B9D726FA31370098A629 /* overpass-bold.otf */,
				A6E9B9D426FA31370098A629 /* overpass-heavy-italic.otf */,
				A6E9B9D326FA31370098A629 /* overpass-heavy.otf */,
				A6E9B9D526FA31370098A629 /* overpass-italic.otf */,
				A6E9B9CC26FA31360098A629 /* overpass-light-italic.otf */,
				A6E9B9D226FA31370098A629 /* overpass-light.otf */,
				A6E9B9C826FA31360098A629 /* overpass-mono-bold.otf */,
				A6E9B9CA26FA31360098A629 /* overpass-mono-light.otf */,
				A6E9B9D626FA31370098A629 /* overpass-mono-regular.otf */,
				A6E9B9CE26FA31360098A629 /* overpass-mono-semibold.otf */,
				A6E9B9C726FA31360098A629 /* overpass-regular.otf */,
				A6E9B9CF26FA31370098A629 /* overpass-semibold-italic.otf */,
				A6E9B9D826FA31370098A629 /* overpass-semibold.otf */,
				A6E9B9D026FA31370098A629 /* overpass-thin-italic.otf */,
				A6E9B9D126FA31370098A629 /* overpass-thin.otf */,
				A6E9B9CB26FA31360098A629 /* overpass-extrabold-italic.otf */,
				A6E9B9D926FA31370098A629 /* overpass-extrabold.otf */,
				A6E9B9CD26FA31360098A629 /* overpass-extralight-italic.otf */,
				A6E9B9C626FA31360098A629 /* overpass-extralight.otf */,
			);
			path = Fonts;
			sourceTree = "<group>";
		};
/* End PBXGroup section */

/* Begin PBXNativeTarget section */
		A6E9B95F26FA1CDF0098A629 /* PDFMaker */ = {
			isa = PBXNativeTarget;
			buildConfigurationList = A6E9B98526FA1CE00098A629 /* Build configuration list for PBXNativeTarget "PDFMaker" */;
			buildPhases = (
				A6E9B95C26FA1CDF0098A629 /* Sources */,
				A6E9B95D26FA1CDF0098A629 /* Frameworks */,
				A6E9B95E26FA1CDF0098A629 /* Resources */,
			);
			buildRules = (
			);
			dependencies = (
			);
			name = PDFMaker;
			packageProductDependencies = (
				A67B5A8026FEBBC500CC5D18 /* Currency */,
			);
			productName = PDFMaker;
			productReference = A6E9B96026FA1CDF0098A629 /* PDFMaker.app */;
			productType = "com.apple.product-type.application";
		};
		A6E9B97026FA1CE00098A629 /* PDFMakerTests */ = {
			isa = PBXNativeTarget;
			buildConfigurationList = A6E9B98826FA1CE00098A629 /* Build configuration list for PBXNativeTarget "PDFMakerTests" */;
			buildPhases = (
				A6E9B96D26FA1CE00098A629 /* Sources */,
				A6E9B96E26FA1CE00098A629 /* Frameworks */,
				A6E9B96F26FA1CE00098A629 /* Resources */,
			);
			buildRules = (
			);
			dependencies = (
				A6E9B97326FA1CE00098A629 /* PBXTargetDependency */,
			);
			name = PDFMakerTests;
			productName = PDFMakerTests;
			productReference = A6E9B97126FA1CE00098A629 /* PDFMakerTests.xctest */;
			productType = "com.apple.product-type.bundle.unit-test";
		};
		A6E9B97B26FA1CE00098A629 /* PDFMakerUITests */ = {
			isa = PBXNativeTarget;
			buildConfigurationList = A6E9B98B26FA1CE00098A629 /* Build configuration list for PBXNativeTarget "PDFMakerUITests" */;
			buildPhases = (
				A6E9B97826FA1CE00098A629 /* Sources */,
				A6E9B97926FA1CE00098A629 /* Frameworks */,
				A6E9B97A26FA1CE00098A629 /* Resources */,
			);
			buildRules = (
			);
			dependencies = (
				A6E9B97E26FA1CE00098A629 /* PBXTargetDependency */,
			);
			name = PDFMakerUITests;
			productName = PDFMakerUITests;
			productReference = A6E9B97C26FA1CE00098A629 /* PDFMakerUITests.xctest */;
			productType = "com.apple.product-type.bundle.ui-testing";
		};
/* End PBXNativeTarget section */

/* Begin PBXProject section */
		A6E9B95826FA1CDF0098A629 /* Project object */ = {
			isa = PBXProject;
			attributes = {
				LastSwiftUpdateCheck = 1250;
				LastUpgradeCheck = 1250;
				TargetAttributes = {
					A6E9B95F26FA1CDF0098A629 = {
						CreatedOnToolsVersion = 12.5.1;
					};
					A6E9B97026FA1CE00098A629 = {
						CreatedOnToolsVersion = 12.5.1;
						TestTargetID = A6E9B95F26FA1CDF0098A629;
					};
					A6E9B97B26FA1CE00098A629 = {
						CreatedOnToolsVersion = 12.5.1;
						TestTargetID = A6E9B95F26FA1CDF0098A629;
					};
				};
			};
			buildConfigurationList = A6E9B95B26FA1CDF0098A629 /* Build configuration list for PBXProject "PDFMaker" */;
			compatibilityVersion = "Xcode 9.3";
			developmentRegion = en;
			hasScannedForEncodings = 0;
			knownRegions = (
				en,
				Base,
			);
			mainGroup = A6E9B95726FA1CDF0098A629;
			packageReferences = (
				A67B5A7F26FEBBC500CC5D18 /* XCRemoteSwiftPackageReference "swift-currency" */,
			);
			productRefGroup = A6E9B96126FA1CDF0098A629 /* Products */;
			projectDirPath = "";
			projectRoot = "";
			targets = (
				A6E9B95F26FA1CDF0098A629 /* PDFMaker */,
				A6E9B97026FA1CE00098A629 /* PDFMakerTests */,
				A6E9B97B26FA1CE00098A629 /* PDFMakerUITests */,
			);
		};
/* End PBXProject section */

/* Begin PBXResourcesBuildPhase section */
		A6E9B95E26FA1CDF0098A629 /* Resources */ = {
			isa = PBXResourcesBuildPhase;
			buildActionMask = 2147483647;
			files = (
				A6E9B9E926FA31370098A629 /* overpass-italic.otf in Resources */,
				A6E9B9ED26FA31370098A629 /* overpass-extrabold.otf in Resources */,
				A6E9B9E626FA31370098A629 /* overpass-light.otf in Resources */,
				A6E9B9E726FA31370098A629 /* overpass-heavy.otf in Resources */,
				A6E9B9EA26FA31370098A629 /* overpass-mono-regular.otf in Resources */,
				A6E9B96B26FA1CE00098A629 /* Preview Assets.xcassets in Resources */,
				A6E9B9DA26FA31370098A629 /* overpass-extralight.otf in Resources */,
				A6E9B9EC26FA31370098A629 /* overpass-semibold.otf in Resources */,
				A6E9B9C326FA20870098A629 /* Assets.xcassets in Resources */,
				A6E9B9DE26FA31370098A629 /* overpass-mono-light.otf in Resources */,
				A6E9B9E526FA31370098A629 /* overpass-thin.otf in Resources */,
				A6E9B9E426FA31370098A629 /* overpass-thin-italic.otf in Resources */,
				A6E9B9E026FA31370098A629 /* overpass-light-italic.otf in Resources */,
				A6E9B9E226FA31370098A629 /* overpass-mono-semibold.otf in Resources */,
				A6E9B9DC26FA31370098A629 /* overpass-mono-bold.otf in Resources */,
				A6E9B9DD26FA31370098A629 /* overpass-bold-italic.otf in Resources */,
				A6E9B9DF26FA31370098A629 /* overpass-extrabold-italic.otf in Resources */,
				A6E9B9E826FA31370098A629 /* overpass-heavy-italic.otf in Resources */,
				A6E9B9E126FA31370098A629 /* overpass-extralight-italic.otf in Resources */,
				A6E9B9E326FA31370098A629 /* overpass-semibold-italic.otf in Resources */,
				A6E9B9DB26FA31370098A629 /* overpass-regular.otf in Resources */,
				A6E9B9EB26FA31370098A629 /* overpass-bold.otf in Resources */,
			);
			runOnlyForDeploymentPostprocessing = 0;
		};
		A6E9B96F26FA1CE00098A629 /* Resources */ = {
			isa = PBXResourcesBuildPhase;
			buildActionMask = 2147483647;
			files = (
			);
			runOnlyForDeploymentPostprocessing = 0;
		};
		A6E9B97A26FA1CE00098A629 /* Resources */ = {
			isa = PBXResourcesBuildPhase;
			buildActionMask = 2147483647;
			files = (
			);
			runOnlyForDeploymentPostprocessing = 0;
		};
/* End PBXResourcesBuildPhase section */

/* Begin PBXSourcesBuildPhase section */
		A6E9B95C26FA1CDF0098A629 /* Sources */ = {
			isa = PBXSourcesBuildPhase;
			buildActionMask = 2147483647;
			files = (
				A6E9B96626FA1CDF0098A629 /* ContentView.swift in Sources */,
				A6E9B9C126FA1F140098A629 /* ImageTileView.swift in Sources */,
				A6E9B96426FA1CDF0098A629 /* PDFMakerApp.swift in Sources */,
				A6A140BA297623A100171C7C /* InvoiceData.swift in Sources */,
				A67B5A7E26FD73CB00CC5D18 /* InvoiceDataEntry.swift in Sources */,
				A6B4CA3926FADD4300077A18 /* InvoiceView.swift in Sources */,
				A6B3C77826FFB2E200A259A3 /* States.swift in Sources */,
				A6A4818B297660A800A0F654 /* Roundedbutton.swift in Sources */,
				A6A140BC29762C7000171C7C /* Category.swift in Sources */,
				A6E9B9C526FA20E30098A629 /* ColorManager.swift in Sources */,
				A67B5A7B26FC068200CC5D18 /* YellowInvoice.swift in Sources */,
				A6A4818D29767B0000A0F654 /* MailView.swift in Sources */,
				A6B4CA3726FADCBB00077A18 /* InvoiceItemView.swift in Sources */,
			);
			runOnlyForDeploymentPostprocessing = 0;
		};
		A6E9B96D26FA1CE00098A629 /* Sources */ = {
			isa = PBXSourcesBuildPhase;
			buildActionMask = 2147483647;
			files = (
				A6E9B97626FA1CE00098A629 /* PDFMakerTests.swift in Sources */,
			);
			runOnlyForDeploymentPostprocessing = 0;
		};
		A6E9B97826FA1CE00098A629 /* Sources */ = {
			isa = PBXSourcesBuildPhase;
			buildActionMask = 2147483647;
			files = (
				A6E9B98126FA1CE00098A629 /* PDFMakerUITests.swift in Sources */,
			);
			runOnlyForDeploymentPostprocessing = 0;
		};
/* End PBXSourcesBuildPhase section */

/* Begin PBXTargetDependency section */
		A6E9B97326FA1CE00098A629 /* PBXTargetDependency */ = {
			isa = PBXTargetDependency;
			target = A6E9B95F26FA1CDF0098A629 /* PDFMaker */;
			targetProxy = A6E9B97226FA1CE00098A629 /* PBXContainerItemProxy */;
		};
		A6E9B97E26FA1CE00098A629 /* PBXTargetDependency */ = {
			isa = PBXTargetDependency;
			target = A6E9B95F26FA1CDF0098A629 /* PDFMaker */;
			targetProxy = A6E9B97D26FA1CE00098A629 /* PBXContainerItemProxy */;
		};
/* End PBXTargetDependency section */

/* Begin XCBuildConfiguration section */
		A6E9B98326FA1CE00098A629 /* Debug */ = {
			isa = XCBuildConfiguration;
			buildSettings = {
				ALWAYS_SEARCH_USER_PATHS = NO;
				CLANG_ANALYZER_NONNULL = YES;
				CLANG_ANALYZER_NUMBER_OBJECT_CONVERSION = YES_AGGRESSIVE;
				CLANG_CXX_LANGUAGE_STANDARD = "gnu++14";
				CLANG_CXX_LIBRARY = "libc++";
				CLANG_ENABLE_MODULES = YES;
				CLANG_ENABLE_OBJC_ARC = YES;
				CLANG_ENABLE_OBJC_WEAK = YES;
				CLANG_WARN_BLOCK_CAPTURE_AUTORELEASING = YES;
				CLANG_WARN_BOOL_CONVERSION = YES;
				CLANG_WARN_COMMA = YES;
				CLANG_WARN_CONSTANT_CONVERSION = YES;
				CLANG_WARN_DEPRECATED_OBJC_IMPLEMENTATIONS = YES;
				CLANG_WARN_DIRECT_OBJC_ISA_USAGE = YES_ERROR;
				CLANG_WARN_DOCUMENTATION_COMMENTS = YES;
				CLANG_WARN_EMPTY_BODY = YES;
				CLANG_WARN_ENUM_CONVERSION = YES;
				CLANG_WARN_INFINITE_RECURSION = YES;
				CLANG_WARN_INT_CONVERSION = YES;
				CLANG_WARN_NON_LITERAL_NULL_CONVERSION = YES;
				CLANG_WARN_OBJC_IMPLICIT_RETAIN_SELF = YES;
				CLANG_WARN_OBJC_LITERAL_CONVERSION = YES;
				CLANG_WARN_OBJC_ROOT_CLASS = YES_ERROR;
				CLANG_WARN_QUOTED_INCLUDE_IN_FRAMEWORK_HEADER = YES;
				CLANG_WARN_RANGE_LOOP_ANALYSIS = YES;
				CLANG_WARN_STRICT_PROTOTYPES = YES;
				CLANG_WARN_SUSPICIOUS_MOVE = YES;
				CLANG_WARN_UNGUARDED_AVAILABILITY = YES_AGGRESSIVE;
				CLANG_WARN_UNREACHABLE_CODE = YES;
				CLANG_WARN__DUPLICATE_METHOD_MATCH = YES;
				COPY_PHASE_STRIP = NO;
				DEBUG_INFORMATION_FORMAT = dwarf;
				ENABLE_STRICT_OBJC_MSGSEND = YES;
				ENABLE_TESTABILITY = YES;
				GCC_C_LANGUAGE_STANDARD = gnu11;
				GCC_DYNAMIC_NO_PIC = NO;
				GCC_NO_COMMON_BLOCKS = YES;
				GCC_OPTIMIZATION_LEVEL = 0;
				GCC_PREPROCESSOR_DEFINITIONS = (
					"DEBUG=1",
					"$(inherited)",
				);
				GCC_WARN_64_TO_32_BIT_CONVERSION = YES;
				GCC_WARN_ABOUT_RETURN_TYPE = YES_ERROR;
				GCC_WARN_UNDECLARED_SELECTOR = YES;
				GCC_WARN_UNINITIALIZED_AUTOS = YES_AGGRESSIVE;
				GCC_WARN_UNUSED_FUNCTION = YES;
				GCC_WARN_UNUSED_VARIABLE = YES;
				IPHONEOS_DEPLOYMENT_TARGET = 14.0;
				MTL_ENABLE_DEBUG_INFO = INCLUDE_SOURCE;
				MTL_FAST_MATH = YES;
				ONLY_ACTIVE_ARCH = YES;
				SDKROOT = iphoneos;
				SWIFT_ACTIVE_COMPILATION_CONDITIONS = DEBUG;
				SWIFT_OPTIMIZATION_LEVEL = "-Onone";
			};
			name = Debug;
		};
		A6E9B98426FA1CE00098A629 /* Release */ = {
			isa = XCBuildConfiguration;
			buildSettings = {
				ALWAYS_SEARCH_USER_PATHS = NO;
				CLANG_ANALYZER_NONNULL = YES;
				CLANG_ANALYZER_NUMBER_OBJECT_CONVERSION = YES_AGGRESSIVE;
				CLANG_CXX_LANGUAGE_STANDARD = "gnu++14";
				CLANG_CXX_LIBRARY = "libc++";
				CLANG_ENABLE_MODULES = YES;
				CLANG_ENABLE_OBJC_ARC = YES;
				CLANG_ENABLE_OBJC_WEAK = YES;
				CLANG_WARN_BLOCK_CAPTURE_AUTORELEASING = YES;
				CLANG_WARN_BOOL_CONVERSION = YES;
				CLANG_WARN_COMMA = YES;
				CLANG_WARN_CONSTANT_CONVERSION = YES;
				CLANG_WARN_DEPRECATED_OBJC_IMPLEMENTATIONS = YES;
				CLANG_WARN_DIRECT_OBJC_ISA_USAGE = YES_ERROR;
				CLANG_WARN_DOCUMENTATION_COMMENTS = YES;
				CLANG_WARN_EMPTY_BODY = YES;
				CLANG_WARN_ENUM_CONVERSION = YES;
				CLANG_WARN_INFINITE_RECURSION = YES;
				CLANG_WARN_INT_CONVERSION = YES;
				CLANG_WARN_NON_LITERAL_NULL_CONVERSION = YES;
				CLANG_WARN_OBJC_IMPLICIT_RETAIN_SELF = YES;
				CLANG_WARN_OBJC_LITERAL_CONVERSION = YES;
				CLANG_WARN_OBJC_ROOT_CLASS = YES_ERROR;
				CLANG_WARN_QUOTED_INCLUDE_IN_FRAMEWORK_HEADER = YES;
				CLANG_WARN_RANGE_LOOP_ANALYSIS = YES;
				CLANG_WARN_STRICT_PROTOTYPES = YES;
				CLANG_WARN_SUSPICIOUS_MOVE = YES;
				CLANG_WARN_UNGUARDED_AVAILABILITY = YES_AGGRESSIVE;
				CLANG_WARN_UNREACHABLE_CODE = YES;
				CLANG_WARN__DUPLICATE_METHOD_MATCH = YES;
				COPY_PHASE_STRIP = NO;
				DEBUG_INFORMATION_FORMAT = "dwarf-with-dsym";
				ENABLE_NS_ASSERTIONS = NO;
				ENABLE_STRICT_OBJC_MSGSEND = YES;
				GCC_C_LANGUAGE_STANDARD = gnu11;
				GCC_NO_COMMON_BLOCKS = YES;
				GCC_WARN_64_TO_32_BIT_CONVERSION = YES;
				GCC_WARN_ABOUT_RETURN_TYPE = YES_ERROR;
				GCC_WARN_UNDECLARED_SELECTOR = YES;
				GCC_WARN_UNINITIALIZED_AUTOS = YES_AGGRESSIVE;
				GCC_WARN_UNUSED_FUNCTION = YES;
				GCC_WARN_UNUSED_VARIABLE = YES;
				IPHONEOS_DEPLOYMENT_TARGET = 14.0;
				MTL_ENABLE_DEBUG_INFO = NO;
				MTL_FAST_MATH = YES;
				SDKROOT = iphoneos;
				SWIFT_COMPILATION_MODE = wholemodule;
				SWIFT_OPTIMIZATION_LEVEL = "-O";
				VALIDATE_PRODUCT = YES;
			};
			name = Release;
		};
		A6E9B98626FA1CE00098A629 /* Debug */ = {
			isa = XCBuildConfiguration;
			buildSettings = {
				ASSETCATALOG_COMPILER_APPICON_NAME = AppIcon;
				ASSETCATALOG_COMPILER_GLOBAL_ACCENT_COLOR_NAME = AccentColor;
				CODE_SIGN_STYLE = Automatic;
				DEVELOPMENT_ASSET_PATHS = "\"PDFMaker/Preview Content\"";
				DEVELOPMENT_TEAM = "";
				ENABLE_PREVIEWS = YES;
				INFOPLIST_FILE = PDFMaker/Info.plist;
				IPHONEOS_DEPLOYMENT_TARGET = 14.0;
				LD_RUNPATH_SEARCH_PATHS = (
					"$(inherited)",
					"@executable_path/Frameworks",
				);
				PRODUCT_BUNDLE_IDENTIFIER = com.gatewai.PDFMaker;
				PRODUCT_NAME = "$(TARGET_NAME)";
				SWIFT_VERSION = 5.0;
				TARGETED_DEVICE_FAMILY = "1,2";
			};
			name = Debug;
		};
		A6E9B98726FA1CE00098A629 /* Release */ = {
			isa = XCBuildConfiguration;
			buildSettings = {
				ASSETCATALOG_COMPILER_APPICON_NAME = AppIcon;
				ASSETCATALOG_COMPILER_GLOBAL_ACCENT_COLOR_NAME = AccentColor;
				CODE_SIGN_STYLE = Automatic;
				DEVELOPMENT_ASSET_PATHS = "\"PDFMaker/Preview Content\"";
				DEVELOPMENT_TEAM = "";
				ENABLE_PREVIEWS = YES;
				INFOPLIST_FILE = PDFMaker/Info.plist;
				IPHONEOS_DEPLOYMENT_TARGET = 14.0;
				LD_RUNPATH_SEARCH_PATHS = (
					"$(inherited)",
					"@executable_path/Frameworks",
				);
				PRODUCT_BUNDLE_IDENTIFIER = com.gatewai.PDFMaker;
				PRODUCT_NAME = "$(TARGET_NAME)";
				SWIFT_VERSION = 5.0;
				TARGETED_DEVICE_FAMILY = "1,2";
			};
			name = Release;
		};
		A6E9B98926FA1CE00098A629 /* Debug */ = {
			isa = XCBuildConfiguration;
			buildSettings = {
				ALWAYS_EMBED_SWIFT_STANDARD_LIBRARIES = YES;
				BUNDLE_LOADER = "$(TEST_HOST)";
				CODE_SIGN_STYLE = Automatic;
				DEVELOPMENT_TEAM = 9QYS7FT9FK;
				INFOPLIST_FILE = PDFMakerTests/Info.plist;
				IPHONEOS_DEPLOYMENT_TARGET = 14.0;
				LD_RUNPATH_SEARCH_PATHS = (
					"$(inherited)",
					"@executable_path/Frameworks",
					"@loader_path/Frameworks",
				);
				PRODUCT_BUNDLE_IDENTIFIER = com.gatewai.PDFMakerTests;
				PRODUCT_NAME = "$(TARGET_NAME)";
				SWIFT_VERSION = 5.0;
				TARGETED_DEVICE_FAMILY = "1,2";
				TEST_HOST = "$(BUILT_PRODUCTS_DIR)/PDFMaker.app/PDFMaker";
			};
			name = Debug;
		};
		A6E9B98A26FA1CE00098A629 /* Release */ = {
			isa = XCBuildConfiguration;
			buildSettings = {
				ALWAYS_EMBED_SWIFT_STANDARD_LIBRARIES = YES;
				BUNDLE_LOADER = "$(TEST_HOST)";
				CODE_SIGN_STYLE = Automatic;
				DEVELOPMENT_TEAM = 9QYS7FT9FK;
				INFOPLIST_FILE = PDFMakerTests/Info.plist;
				IPHONEOS_DEPLOYMENT_TARGET = 14.0;
				LD_RUNPATH_SEARCH_PATHS = (
					"$(inherited)",
					"@executable_path/Frameworks",
					"@loader_path/Frameworks",
				);
				PRODUCT_BUNDLE_IDENTIFIER = com.gatewai.PDFMakerTests;
				PRODUCT_NAME = "$(TARGET_NAME)";
				SWIFT_VERSION = 5.0;
				TARGETED_DEVICE_FAMILY = "1,2";
				TEST_HOST = "$(BUILT_PRODUCTS_DIR)/PDFMaker.app/PDFMaker";
			};
			name = Release;
		};
		A6E9B98C26FA1CE00098A629 /* Debug */ = {
			isa = XCBuildConfiguration;
			buildSettings = {
				ALWAYS_EMBED_SWIFT_STANDARD_LIBRARIES = YES;
				CODE_SIGN_STYLE = Automatic;
				DEVELOPMENT_TEAM = 9QYS7FT9FK;
				INFOPLIST_FILE = PDFMakerUITests/Info.plist;
				LD_RUNPATH_SEARCH_PATHS = (
					"$(inherited)",
					"@executable_path/Frameworks",
					"@loader_path/Frameworks",
				);
				PRODUCT_BUNDLE_IDENTIFIER = com.gatewai.PDFMakerUITests;
				PRODUCT_NAME = "$(TARGET_NAME)";
				SWIFT_VERSION = 5.0;
				TARGETED_DEVICE_FAMILY = "1,2";
				TEST_TARGET_NAME = PDFMaker;
			};
			name = Debug;
		};
		A6E9B98D26FA1CE00098A629 /* Release */ = {
			isa = XCBuildConfiguration;
			buildSettings = {
				ALWAYS_EMBED_SWIFT_STANDARD_LIBRARIES = YES;
				CODE_SIGN_STYLE = Automatic;
				DEVELOPMENT_TEAM = 9QYS7FT9FK;
				INFOPLIST_FILE = PDFMakerUITests/Info.plist;
				LD_RUNPATH_SEARCH_PATHS = (
					"$(inherited)",
					"@executable_path/Frameworks",
					"@loader_path/Frameworks",
				);
				PRODUCT_BUNDLE_IDENTIFIER = com.gatewai.PDFMakerUITests;
				PRODUCT_NAME = "$(TARGET_NAME)";
				SWIFT_VERSION = 5.0;
				TARGETED_DEVICE_FAMILY = "1,2";
				TEST_TARGET_NAME = PDFMaker;
			};
			name = Release;
		};
/* End XCBuildConfiguration section */

/* Begin XCConfigurationList section */
		A6E9B95B26FA1CDF0098A629 /* Build configuration list for PBXProject "PDFMaker" */ = {
			isa = XCConfigurationList;
			buildConfigurations = (
				A6E9B98326FA1CE00098A629 /* Debug */,
				A6E9B98426FA1CE00098A629 /* Release */,
			);
			defaultConfigurationIsVisible = 0;
			defaultConfigurationName = Release;
		};
		A6E9B98526FA1CE00098A629 /* Build configuration list for PBXNativeTarget "PDFMaker" */ = {
			isa = XCConfigurationList;
			buildConfigurations = (
				A6E9B98626FA1CE00098A629 /* Debug */,
				A6E9B98726FA1CE00098A629 /* Release */,
			);
			defaultConfigurationIsVisible = 0;
			defaultConfigurationName = Release;
		};
		A6E9B98826FA1CE00098A629 /* Build configuration list for PBXNativeTarget "PDFMakerTests" */ = {
			isa = XCConfigurationList;
			buildConfigurations = (
				A6E9B98926FA1CE00098A629 /* Debug */,
				A6E9B98A26FA1CE00098A629 /* Release */,
			);
			defaultConfigurationIsVisible = 0;
			defaultConfigurationName = Release;
		};
		A6E9B98B26FA1CE00098A629 /* Build configuration list for PBXNativeTarget "PDFMakerUITests" */ = {
			isa = XCConfigurationList;
			buildConfigurations = (
				A6E9B98C26FA1CE00098A629 /* Debug */,
				A6E9B98D26FA1CE00098A629 /* Release */,
			);
			defaultConfigurationIsVisible = 0;
			defaultConfigurationName = Release;
		};
/* End XCConfigurationList section */

/* Begin XCRemoteSwiftPackageReference section */
		A67B5A7F26FEBBC500CC5D18 /* XCRemoteSwiftPackageReference "swift-currency" */ = {
			isa = XCRemoteSwiftPackageReference;
			repositoryURL = "https://github.com/peek-travel/swift-currency";
			requirement = {
				kind = upToNextMajorVersion;
				minimumVersion = 0.6.1;
			};
		};
/* End XCRemoteSwiftPackageReference section */

/* Begin XCSwiftPackageProductDependency section */
		A67B5A8026FEBBC500CC5D18 /* Currency */ = {
			isa = XCSwiftPackageProductDependency;
			package = A67B5A7F26FEBBC500CC5D18 /* XCRemoteSwiftPackageReference "swift-currency" */;
			productName = Currency;
		};
/* End XCSwiftPackageProductDependency section */
	};
	rootObject = A6E9B95826FA1CDF0098A629 /* Project object */;
}
